// !$*UTF8*$!
{
	archiveVersion = 1;
	classes = {
	};
	objectVersion = 50;
	objects = {

/* Begin PBXBuildFile section */
		08848068242B600800823E95 /* AppDelegate.swift in Sources */ = {isa = PBXBuildFile; fileRef = 08848067242B600800823E95 /* AppDelegate.swift */; };
		0884806C242B600800823E95 /* ViewController.swift in Sources */ = {isa = PBXBuildFile; fileRef = 0884806B242B600800823E95 /* ViewController.swift */; };
		0884806F242B600800823E95 /* Main.storyboard in Resources */ = {isa = PBXBuildFile; fileRef = 0884806D242B600800823E95 /* Main.storyboard */; };
		08848071242B600A00823E95 /* Assets.xcassets in Resources */ = {isa = PBXBuildFile; fileRef = 08848070242B600A00823E95 /* Assets.xcassets */; };
		08848074242B600A00823E95 /* LaunchScreen.storyboard in Resources */ = {isa = PBXBuildFile; fileRef = 08848072242B600A00823E95 /* LaunchScreen.storyboard */; };
		0884807F242B600A00823E95 /* WekanButtonTests.swift in Sources */ = {isa = PBXBuildFile; fileRef = 0884807E242B600A00823E95 /* WekanButtonTests.swift */; };
		0884808A242B600A00823E95 /* WekanButtonUITests.swift in Sources */ = {isa = PBXBuildFile; fileRef = 08848089242B600A00823E95 /* WekanButtonUITests.swift */; };
		088480BE242B869F00823E95 /* WekanButton.swift in Sources */ = {isa = PBXBuildFile; fileRef = 088480BD242B869F00823E95 /* WekanButton.swift */; };
/* End PBXBuildFile section */

/* Begin PBXContainerItemProxy section */
		0884807B242B600A00823E95 /* PBXContainerItemProxy */ = {
			isa = PBXContainerItemProxy;
			containerPortal = 0884805C242B600800823E95 /* Project object */;
			proxyType = 1;
			remoteGlobalIDString = 08848063242B600800823E95;
			remoteInfo = WekanButton;
		};
		08848086242B600A00823E95 /* PBXContainerItemProxy */ = {
			isa = PBXContainerItemProxy;
			containerPortal = 0884805C242B600800823E95 /* Project object */;
			proxyType = 1;
			remoteGlobalIDString = 08848063242B600800823E95;
			remoteInfo = WekanButton;
		};
/* End PBXContainerItemProxy section */

/* Begin PBXFileReference section */
		08848064242B600800823E95 /* WekanButton.app */ = {isa = PBXFileReference; explicitFileType = wrapper.application; includeInIndex = 0; path = WekanButton.app; sourceTree = BUILT_PRODUCTS_DIR; };
		08848067242B600800823E95 /* AppDelegate.swift */ = {isa = PBXFileReference; lastKnownFileType = sourcecode.swift; path = AppDelegate.swift; sourceTree = "<group>"; };
		0884806B242B600800823E95 /* ViewController.swift */ = {isa = PBXFileReference; lastKnownFileType = sourcecode.swift; path = ViewController.swift; sourceTree = "<group>"; };
		0884806E242B600800823E95 /* Base */ = {isa = PBXFileReference; lastKnownFileType = file.storyboard; name = Base; path = Base.lproj/Main.storyboard; sourceTree = "<group>"; };
		08848070242B600A00823E95 /* Assets.xcassets */ = {isa = PBXFileReference; lastKnownFileType = folder.assetcatalog; path = Assets.xcassets; sourceTree = "<group>"; };
		08848073242B600A00823E95 /* Base */ = {isa = PBXFileReference; lastKnownFileType = file.storyboard; name = Base; path = Base.lproj/LaunchScreen.storyboard; sourceTree = "<group>"; };
		08848075242B600A00823E95 /* Info.plist */ = {isa = PBXFileReference; lastKnownFileType = text.plist.xml; path = Info.plist; sourceTree = "<group>"; };
		0884807A242B600A00823E95 /* WekanButtonTests.xctest */ = {isa = PBXFileReference; explicitFileType = wrapper.cfbundle; includeInIndex = 0; path = WekanButtonTests.xctest; sourceTree = BUILT_PRODUCTS_DIR; };
		0884807E242B600A00823E95 /* WekanButtonTests.swift */ = {isa = PBXFileReference; lastKnownFileType = sourcecode.swift; path = WekanButtonTests.swift; sourceTree = "<group>"; };
		08848080242B600A00823E95 /* Info.plist */ = {isa = PBXFileReference; lastKnownFileType = text.plist.xml; path = Info.plist; sourceTree = "<group>"; };
		08848085242B600A00823E95 /* WekanButtonUITests.xctest */ = {isa = PBXFileReference; explicitFileType = wrapper.cfbundle; includeInIndex = 0; path = WekanButtonUITests.xctest; sourceTree = BUILT_PRODUCTS_DIR; };
		08848089242B600A00823E95 /* WekanButtonUITests.swift */ = {isa = PBXFileReference; lastKnownFileType = sourcecode.swift; path = WekanButtonUITests.swift; sourceTree = "<group>"; };
		0884808B242B600A00823E95 /* Info.plist */ = {isa = PBXFileReference; lastKnownFileType = text.plist.xml; path = Info.plist; sourceTree = "<group>"; };
		088480BD242B869F00823E95 /* WekanButton.swift */ = {isa = PBXFileReference; lastKnownFileType = sourcecode.swift; name = WekanButton.swift; path = "Common/UIKit Subclasses/WekanButton.swift"; sourceTree = "<group>"; };
/* End PBXFileReference section */

/* Begin PBXFrameworksBuildPhase section */
		08848061242B600800823E95 /* Frameworks */ = {
			isa = PBXFrameworksBuildPhase;
			buildActionMask = 2147483647;
			files = (
			);
			runOnlyForDeploymentPostprocessing = 0;
		};
		08848077242B600A00823E95 /* Frameworks */ = {
			isa = PBXFrameworksBuildPhase;
			buildActionMask = 2147483647;
			files = (
			);
			runOnlyForDeploymentPostprocessing = 0;
		};
		08848082242B600A00823E95 /* Frameworks */ = {
			isa = PBXFrameworksBuildPhase;
			buildActionMask = 2147483647;
			files = (
			);
			runOnlyForDeploymentPostprocessing = 0;
		};
/* End PBXFrameworksBuildPhase section */

/* Begin PBXGroup section */
		0852697124330F70009AC023 /* Supportingg Files */ = {
			isa = PBXGroup;
			children = (
				08848072242B600A00823E95 /* LaunchScreen.storyboard */,
				0884806D242B600800823E95 /* Main.storyboard */,
				08848070242B600A00823E95 /* Assets.xcassets */,
				08848075242B600A00823E95 /* Info.plist */,
			);
			name = "Supportingg Files";
			sourceTree = "<group>";
		};
		0884805B242B600800823E95 = {
			isa = PBXGroup;
			children = (
				08848066242B600800823E95 /* WekanButton */,
				0884807D242B600A00823E95 /* WekanButtonTests */,
				08848088242B600A00823E95 /* WekanButtonUITests */,
				08848065242B600800823E95 /* Products */,
			);
			sourceTree = "<group>";
		};
		08848065242B600800823E95 /* Products */ = {
			isa = PBXGroup;
			children = (
				08848064242B600800823E95 /* WekanButton.app */,
				0884807A242B600A00823E95 /* WekanButtonTests.xctest */,
				08848085242B600A00823E95 /* WekanButtonUITests.xctest */,
			);
			name = Products;
			sourceTree = "<group>";
		};
		08848066242B600800823E95 /* WekanButton */ = {
			isa = PBXGroup;
			children = (
				08848067242B600800823E95 /* AppDelegate.swift */,
				0884806B242B600800823E95 /* ViewController.swift */,
				088480BD242B869F00823E95 /* WekanButton.swift */,
				0852697124330F70009AC023 /* Supportingg Files */,
			);
			path = WekanButton;
			sourceTree = "<group>";
		};
		0884807D242B600A00823E95 /* WekanButtonTests */ = {
			isa = PBXGroup;
			children = (
				0884807E242B600A00823E95 /* WekanButtonTests.swift */,
				08848080242B600A00823E95 /* Info.plist */,
			);
			path = WekanButtonTests;
			sourceTree = "<group>";
		};
		08848088242B600A00823E95 /* WekanButtonUITests */ = {
			isa = PBXGroup;
			children = (
				08848089242B600A00823E95 /* WekanButtonUITests.swift */,
				0884808B242B600A00823E95 /* Info.plist */,
			);
			path = WekanButtonUITests;
			sourceTree = "<group>";
		};
/* End PBXGroup section */

/* Begin PBXNativeTarget section */
		08848063242B600800823E95 /* WekanButton */ = {
			isa = PBXNativeTarget;
			buildConfigurationList = 0884808E242B600A00823E95 /* Build configuration list for PBXNativeTarget "WekanButton" */;
			buildPhases = (
				08848060242B600800823E95 /* Sources */,
				08848061242B600800823E95 /* Frameworks */,
				08848062242B600800823E95 /* Resources */,
			);
			buildRules = (
			);
			dependencies = (
			);
			name = WekanButton;
			productName = WekanButton;
			productReference = 08848064242B600800823E95 /* WekanButton.app */;
			productType = "com.apple.product-type.application";
		};
		08848079242B600A00823E95 /* WekanButtonTests */ = {
			isa = PBXNativeTarget;
			buildConfigurationList = 08848091242B600A00823E95 /* Build configuration list for PBXNativeTarget "WekanButtonTests" */;
			buildPhases = (
				08848076242B600A00823E95 /* Sources */,
				08848077242B600A00823E95 /* Frameworks */,
				08848078242B600A00823E95 /* Resources */,
			);
			buildRules = (
			);
			dependencies = (
				0884807C242B600A00823E95 /* PBXTargetDependency */,
			);
			name = WekanButtonTests;
			productName = WekanButtonTests;
			productReference = 0884807A242B600A00823E95 /* WekanButtonTests.xctest */;
			productType = "com.apple.product-type.bundle.unit-test";
		};
		08848084242B600A00823E95 /* WekanButtonUITests */ = {
			isa = PBXNativeTarget;
			buildConfigurationList = 08848094242B600A00823E95 /* Build configuration list for PBXNativeTarget "WekanButtonUITests" */;
			buildPhases = (
				08848081242B600A00823E95 /* Sources */,
				08848082242B600A00823E95 /* Frameworks */,
				08848083242B600A00823E95 /* Resources */,
			);
			buildRules = (
			);
			dependencies = (
				08848087242B600A00823E95 /* PBXTargetDependency */,
			);
			name = WekanButtonUITests;
			productName = WekanButtonUITests;
			productReference = 08848085242B600A00823E95 /* WekanButtonUITests.xctest */;
			productType = "com.apple.product-type.bundle.ui-testing";
		};
/* End PBXNativeTarget section */

/* Begin PBXProject section */
		0884805C242B600800823E95 /* Project object */ = {
			isa = PBXProject;
			attributes = {
				LastSwiftUpdateCheck = 1140;
				LastUpgradeCheck = 1140;
				ORGANIZATIONNAME = Wekan;
				TargetAttributes = {
					08848063242B600800823E95 = {
						CreatedOnToolsVersion = 11.4;
					};
					08848079242B600A00823E95 = {
						CreatedOnToolsVersion = 11.4;
						TestTargetID = 08848063242B600800823E95;
					};
					08848084242B600A00823E95 = {
						CreatedOnToolsVersion = 11.4;
						TestTargetID = 08848063242B600800823E95;
					};
				};
			};
			buildConfigurationList = 0884805F242B600800823E95 /* Build configuration list for PBXProject "WekanButton" */;
			compatibilityVersion = "Xcode 9.3";
			developmentRegion = en;
			hasScannedForEncodings = 0;
			knownRegions = (
				en,
				Base,
			);
			mainGroup = 0884805B242B600800823E95;
			productRefGroup = 08848065242B600800823E95 /* Products */;
			projectDirPath = "";
			projectRoot = "";
			targets = (
				08848063242B600800823E95 /* WekanButton */,
				08848079242B600A00823E95 /* WekanButtonTests */,
				08848084242B600A00823E95 /* WekanButtonUITests */,
			);
		};
/* End PBXProject section */

/* Begin PBXResourcesBuildPhase section */
		08848062242B600800823E95 /* Resources */ = {
			isa = PBXResourcesBuildPhase;
			buildActionMask = 2147483647;
			files = (
				08848074242B600A00823E95 /* LaunchScreen.storyboard in Resources */,
				08848071242B600A00823E95 /* Assets.xcassets in Resources */,
				0884806F242B600800823E95 /* Main.storyboard in Resources */,
			);
			runOnlyForDeploymentPostprocessing = 0;
		};
		08848078242B600A00823E95 /* Resources */ = {
			isa = PBXResourcesBuildPhase;
			buildActionMask = 2147483647;
			files = (
			);
			runOnlyForDeploymentPostprocessing = 0;
		};
		08848083242B600A00823E95 /* Resources */ = {
			isa = PBXResourcesBuildPhase;
			buildActionMask = 2147483647;
			files = (
			);
			runOnlyForDeploymentPostprocessing = 0;
		};
/* End PBXResourcesBuildPhase section */

/* Begin PBXSourcesBuildPhase section */
		08848060242B600800823E95 /* Sources */ = {
			isa = PBXSourcesBuildPhase;
			buildActionMask = 2147483647;
			files = (
				0884806C242B600800823E95 /* ViewController.swift in Sources */,
				088480BE242B869F00823E95 /* WekanButton.swift in Sources */,
				08848068242B600800823E95 /* AppDelegate.swift in Sources */,
			);
			runOnlyForDeploymentPostprocessing = 0;
		};
		08848076242B600A00823E95 /* Sources */ = {
			isa = PBXSourcesBuildPhase;
			buildActionMask = 2147483647;
			files = (
				0884807F242B600A00823E95 /* WekanButtonTests.swift in Sources */,
			);
			runOnlyForDeploymentPostprocessing = 0;
		};
		08848081242B600A00823E95 /* Sources */ = {
			isa = PBXSourcesBuildPhase;
			buildActionMask = 2147483647;
			files = (
				0884808A242B600A00823E95 /* WekanButtonUITests.swift in Sources */,
			);
			runOnlyForDeploymentPostprocessing = 0;
		};
/* End PBXSourcesBuildPhase section */

/* Begin PBXTargetDependency section */
		0884807C242B600A00823E95 /* PBXTargetDependency */ = {
			isa = PBXTargetDependency;
			target = 08848063242B600800823E95 /* WekanButton */;
			targetProxy = 0884807B242B600A00823E95 /* PBXContainerItemProxy */;
		};
		08848087242B600A00823E95 /* PBXTargetDependency */ = {
			isa = PBXTargetDependency;
			target = 08848063242B600800823E95 /* WekanButton */;
			targetProxy = 08848086242B600A00823E95 /* PBXContainerItemProxy */;
		};
/* End PBXTargetDependency section */

/* Begin PBXVariantGroup section */
		0884806D242B600800823E95 /* Main.storyboard */ = {
			isa = PBXVariantGroup;
			children = (
				0884806E242B600800823E95 /* Base */,
			);
			name = Main.storyboard;
			sourceTree = "<group>";
		};
		08848072242B600A00823E95 /* LaunchScreen.storyboard */ = {
			isa = PBXVariantGroup;
			children = (
				08848073242B600A00823E95 /* Base */,
			);
			name = LaunchScreen.storyboard;
			sourceTree = "<group>";
		};
/* End PBXVariantGroup section */

/* Begin XCBuildConfiguration section */
		0884808C242B600A00823E95 /* Debug */ = {
			isa = XCBuildConfiguration;
			buildSettings = {
				ALWAYS_SEARCH_USER_PATHS = NO;
				CLANG_ANALYZER_NONNULL = YES;
				CLANG_ANALYZER_NUMBER_OBJECT_CONVERSION = YES_AGGRESSIVE;
				CLANG_CXX_LANGUAGE_STANDARD = "gnu++14";
				CLANG_CXX_LIBRARY = "libc++";
				CLANG_ENABLE_MODULES = YES;
				CLANG_ENABLE_OBJC_ARC = YES;
				CLANG_ENABLE_OBJC_WEAK = YES;
				CLANG_WARN_BLOCK_CAPTURE_AUTORELEASING = YES;
				CLANG_WARN_BOOL_CONVERSION = YES;
				CLANG_WARN_COMMA = YES;
				CLANG_WARN_CONSTANT_CONVERSION = YES;
				CLANG_WARN_DEPRECATED_OBJC_IMPLEMENTATIONS = YES;
				CLANG_WARN_DIRECT_OBJC_ISA_USAGE = YES_ERROR;
				CLANG_WARN_DOCUMENTATION_COMMENTS = YES;
				CLANG_WARN_EMPTY_BODY = YES;
				CLANG_WARN_ENUM_CONVERSION = YES;
				CLANG_WARN_INFINITE_RECURSION = YES;
				CLANG_WARN_INT_CONVERSION = YES;
				CLANG_WARN_NON_LITERAL_NULL_CONVERSION = YES;
				CLANG_WARN_OBJC_IMPLICIT_RETAIN_SELF = YES;
				CLANG_WARN_OBJC_LITERAL_CONVERSION = YES;
				CLANG_WARN_OBJC_ROOT_CLASS = YES_ERROR;
				CLANG_WARN_RANGE_LOOP_ANALYSIS = YES;
				CLANG_WARN_STRICT_PROTOTYPES = YES;
				CLANG_WARN_SUSPICIOUS_MOVE = YES;
				CLANG_WARN_UNGUARDED_AVAILABILITY = YES_AGGRESSIVE;
				CLANG_WARN_UNREACHABLE_CODE = YES;
				CLANG_WARN__DUPLICATE_METHOD_MATCH = YES;
				COPY_PHASE_STRIP = NO;
				DEBUG_INFORMATION_FORMAT = dwarf;
				ENABLE_STRICT_OBJC_MSGSEND = YES;
				ENABLE_TESTABILITY = YES;
				GCC_C_LANGUAGE_STANDARD = gnu11;
				GCC_DYNAMIC_NO_PIC = NO;
				GCC_NO_COMMON_BLOCKS = YES;
				GCC_OPTIMIZATION_LEVEL = 0;
				GCC_PREPROCESSOR_DEFINITIONS = (
					"DEBUG=1",
					"$(inherited)",
				);
				GCC_WARN_64_TO_32_BIT_CONVERSION = YES;
				GCC_WARN_ABOUT_RETURN_TYPE = YES_ERROR;
				GCC_WARN_UNDECLARED_SELECTOR = YES;
				GCC_WARN_UNINITIALIZED_AUTOS = YES_AGGRESSIVE;
				GCC_WARN_UNUSED_FUNCTION = YES;
				GCC_WARN_UNUSED_VARIABLE = YES;
				IPHONEOS_DEPLOYMENT_TARGET = 13.4;
				MTL_ENABLE_DEBUG_INFO = INCLUDE_SOURCE;
				MTL_FAST_MATH = YES;
				ONLY_ACTIVE_ARCH = YES;
				SDKROOT = iphoneos;
				SWIFT_ACTIVE_COMPILATION_CONDITIONS = DEBUG;
				SWIFT_OPTIMIZATION_LEVEL = "-Onone";
			};
			name = Debug;
		};
		0884808D242B600A00823E95 /* Release */ = {
			isa = XCBuildConfiguration;
			buildSettings = {
				ALWAYS_SEARCH_USER_PATHS = NO;
				CLANG_ANALYZER_NONNULL = YES;
				CLANG_ANALYZER_NUMBER_OBJECT_CONVERSION = YES_AGGRESSIVE;
				CLANG_CXX_LANGUAGE_STANDARD = "gnu++14";
				CLANG_CXX_LIBRARY = "libc++";
				CLANG_ENABLE_MODULES = YES;
				CLANG_ENABLE_OBJC_ARC = YES;
				CLANG_ENABLE_OBJC_WEAK = YES;
				CLANG_WARN_BLOCK_CAPTURE_AUTORELEASING = YES;
				CLANG_WARN_BOOL_CONVERSION = YES;
				CLANG_WARN_COMMA = YES;
				CLANG_WARN_CONSTANT_CONVERSION = YES;
				CLANG_WARN_DEPRECATED_OBJC_IMPLEMENTATIONS = YES;
				CLANG_WARN_DIRECT_OBJC_ISA_USAGE = YES_ERROR;
				CLANG_WARN_DOCUMENTATION_COMMENTS = YES;
				CLANG_WARN_EMPTY_BODY = YES;
				CLANG_WARN_ENUM_CONVERSION = YES;
				CLANG_WARN_INFINITE_RECURSION = YES;
				CLANG_WARN_INT_CONVERSION = YES;
				CLANG_WARN_NON_LITERAL_NULL_CONVERSION = YES;
				CLANG_WARN_OBJC_IMPLICIT_RETAIN_SELF = YES;
				CLANG_WARN_OBJC_LITERAL_CONVERSION = YES;
				CLANG_WARN_OBJC_ROOT_CLASS = YES_ERROR;
				CLANG_WARN_RANGE_LOOP_ANALYSIS = YES;
				CLANG_WARN_STRICT_PROTOTYPES = YES;
				CLANG_WARN_SUSPICIOUS_MOVE = YES;
				CLANG_WARN_UNGUARDED_AVAILABILITY = YES_AGGRESSIVE;
				CLANG_WARN_UNREACHABLE_CODE = YES;
				CLANG_WARN__DUPLICATE_METHOD_MATCH = YES;
				COPY_PHASE_STRIP = NO;
				DEBUG_INFORMATION_FORMAT = "dwarf-with-dsym";
				ENABLE_NS_ASSERTIONS = NO;
				ENABLE_STRICT_OBJC_MSGSEND = YES;
				GCC_C_LANGUAGE_STANDARD = gnu11;
				GCC_NO_COMMON_BLOCKS = YES;
				GCC_WARN_64_TO_32_BIT_CONVERSION = YES;
				GCC_WARN_ABOUT_RETURN_TYPE = YES_ERROR;
				GCC_WARN_UNDECLARED_SELECTOR = YES;
				GCC_WARN_UNINITIALIZED_AUTOS = YES_AGGRESSIVE;
				GCC_WARN_UNUSED_FUNCTION = YES;
				GCC_WARN_UNUSED_VARIABLE = YES;
				IPHONEOS_DEPLOYMENT_TARGET = 13.4;
				MTL_ENABLE_DEBUG_INFO = NO;
				MTL_FAST_MATH = YES;
				SDKROOT = iphoneos;
				SWIFT_COMPILATION_MODE = wholemodule;
				SWIFT_OPTIMIZATION_LEVEL = "-O";
				VALIDATE_PRODUCT = YES;
			};
			name = Release;
		};
		0884808F242B600A00823E95 /* Debug */ = {
			isa = XCBuildConfiguration;
			buildSettings = {
				ASSETCATALOG_COMPILER_APPICON_NAME = AppIcon;
				CODE_SIGN_STYLE = Automatic;
				DEVELOPMENT_TEAM = H972GMBYZ9;
				INFOPLIST_FILE = WekanButton/Info.plist;
				IPHONEOS_DEPLOYMENT_TARGET = 10.0;
				LD_RUNPATH_SEARCH_PATHS = (
					"$(inherited)",
					"@executable_path/Frameworks",
				);
				PRODUCT_BUNDLE_IDENTIFIER = com.wekancode.WekanButton;
				PRODUCT_NAME = "$(TARGET_NAME)";
				SWIFT_VERSION = 5.0;
				TARGETED_DEVICE_FAMILY = "1,2";
			};
			name = Debug;
		};
		08848090242B600A00823E95 /* Release */ = {
			isa = XCBuildConfiguration;
			buildSettings = {
				ASSETCATALOG_COMPILER_APPICON_NAME = AppIcon;
				CODE_SIGN_STYLE = Automatic;
				DEVELOPMENT_TEAM = H972GMBYZ9;
				INFOPLIST_FILE = WekanButton/Info.plist;
				IPHONEOS_DEPLOYMENT_TARGET = 10.0;
				LD_RUNPATH_SEARCH_PATHS = (
					"$(inherited)",
					"@executable_path/Frameworks",
				);
				PRODUCT_BUNDLE_IDENTIFIER = com.wekancode.WekanButton;
				PRODUCT_NAME = "$(TARGET_NAME)";
				SWIFT_VERSION = 5.0;
				TARGETED_DEVICE_FAMILY = "1,2";
			};
			name = Release;
		};
		08848092242B600A00823E95 /* Debug */ = {
			isa = XCBuildConfiguration;
			buildSettings = {
				ALWAYS_EMBED_SWIFT_STANDARD_LIBRARIES = YES;
				BUNDLE_LOADER = "$(TEST_HOST)";
				CODE_SIGN_STYLE = Automatic;
				DEVELOPMENT_TEAM = H972GMBYZ9;
				INFOPLIST_FILE = WekanButtonTests/Info.plist;
				IPHONEOS_DEPLOYMENT_TARGET = 13.4;
				LD_RUNPATH_SEARCH_PATHS = (
					"$(inherited)",
					"@executable_path/Frameworks",
					"@loader_path/Frameworks",
				);
				PRODUCT_BUNDLE_IDENTIFIER = com.wekancode.WekanButtonTests;
				PRODUCT_NAME = "$(TARGET_NAME)";
				SWIFT_VERSION = 5.0;
				TARGETED_DEVICE_FAMILY = "1,2";
				TEST_HOST = "$(BUILT_PRODUCTS_DIR)/WekanButton.app/WekanButton";
			};
			name = Debug;
		};
		08848093242B600A00823E95 /* Release */ = {
			isa = XCBuildConfiguration;
			buildSettings = {
				ALWAYS_EMBED_SWIFT_STANDARD_LIBRARIES = YES;
				BUNDLE_LOADER = "$(TEST_HOST)";
				CODE_SIGN_STYLE = Automatic;
				DEVELOPMENT_TEAM = H972GMBYZ9;
				INFOPLIST_FILE = WekanButtonTests/Info.plist;
				IPHONEOS_DEPLOYMENT_TARGET = 13.4;
				LD_RUNPATH_SEARCH_PATHS = (
					"$(inherited)",
					"@executable_path/Frameworks",
					"@loader_path/Frameworks",
				);
				PRODUCT_BUNDLE_IDENTIFIER = com.wekancode.WekanButtonTests;
				PRODUCT_NAME = "$(TARGET_NAME)";
				SWIFT_VERSION = 5.0;
				TARGETED_DEVICE_FAMILY = "1,2";
				TEST_HOST = "$(BUILT_PRODUCTS_DIR)/WekanButton.app/WekanButton";
			};
			name = Release;
		};
		08848095242B600A00823E95 /* Debug */ = {
			isa = XCBuildConfiguration;
			buildSettings = {
				ALWAYS_EMBED_SWIFT_STANDARD_LIBRARIES = YES;
				CODE_SIGN_STYLE = Automatic;
				DEVELOPMENT_TEAM = H972GMBYZ9;
				INFOPLIST_FILE = WekanButtonUITests/Info.plist;
				LD_RUNPATH_SEARCH_PATHS = (
					"$(inherited)",
					"@executable_path/Frameworks",
					"@loader_path/Frameworks",
				);
				PRODUCT_BUNDLE_IDENTIFIER = com.wekancode.WekanButtonUITests;
				PRODUCT_NAME = "$(TARGET_NAME)";
				SWIFT_VERSION = 5.0;
				TARGETED_DEVICE_FAMILY = "1,2";
				TEST_TARGET_NAME = WekanButton;
			};
			name = Debug;
		};
		08848096242B600A00823E95 /* Release */ = {
			isa = XCBuildConfiguration;
			buildSettings = {
				ALWAYS_EMBED_SWIFT_STANDARD_LIBRARIES = YES;
				CODE_SIGN_STYLE = Automatic;
				DEVELOPMENT_TEAM = H972GMBYZ9;
				INFOPLIST_FILE = WekanButtonUITests/Info.plist;
				LD_RUNPATH_SEARCH_PATHS = (
					"$(inherited)",
					"@executable_path/Frameworks",
					"@loader_path/Frameworks",
				);
				PRODUCT_BUNDLE_IDENTIFIER = com.wekancode.WekanButtonUITests;
				PRODUCT_NAME = "$(TARGET_NAME)";
				SWIFT_VERSION = 5.0;
				TARGETED_DEVICE_FAMILY = "1,2";
				TEST_TARGET_NAME = WekanButton;
			};
			name = Release;
		};
/* End XCBuildConfiguration section */

/* Begin XCConfigurationList section */
		0884805F242B600800823E95 /* Build configuration list for PBXProject "WekanButton" */ = {
			isa = XCConfigurationList;
			buildConfigurations = (
				0884808C242B600A00823E95 /* Debug */,
				0884808D242B600A00823E95 /* Release */,
			);
			defaultConfigurationIsVisible = 0;
			defaultConfigurationName = Release;
		};
		0884808E242B600A00823E95 /* Build configuration list for PBXNativeTarget "WekanButton" */ = {
			isa = XCConfigurationList;
			buildConfigurations = (
				0884808F242B600A00823E95 /* Debug */,
				08848090242B600A00823E95 /* Release */,
			);
			defaultConfigurationIsVisible = 0;
			defaultConfigurationName = Release;
		};
		08848091242B600A00823E95 /* Build configuration list for PBXNativeTarget "WekanButtonTests" */ = {
			isa = XCConfigurationList;
			buildConfigurations = (
				08848092242B600A00823E95 /* Debug */,
				08848093242B600A00823E95 /* Release */,
			);
			defaultConfigurationIsVisible = 0;
			defaultConfigurationName = Release;
		};
		08848094242B600A00823E95 /* Build configuration list for PBXNativeTarget "WekanButtonUITests" */ = {
			isa = XCConfigurationList;
			buildConfigurations = (
				08848095242B600A00823E95 /* Debug */,
				08848096242B600A00823E95 /* Release */,
			);
			defaultConfigurationIsVisible = 0;
			defaultConfigurationName = Release;
		};
/* End XCConfigurationList section */
	};
	rootObject = 0884805C242B600800823E95 /* Project object */;
}
